
Microsoft Visual Studio Solution File, Format Version 12.00
# Visual Studio 15
VisualStudioVersion = 15.0.26124.0
MinimumVisualStudioVersion = 15.0.26124.0
Project("{FAE04EC0-301F-11D3-BF4B-00C04F79EFBC}") = "App", "App\App.csproj", "{CD35E260-2E94-48E2-BB47-2C2436A17B4D}"
EndProject
Project("{FAE04EC0-301F-11D3-BF4B-00C04F79EFBC}") = "Tests", "Tests\Tests.csproj", "{FAF82B26-9E2F-4B3F-9281-9E1726495A52}"
EndProject
Project("{FAE04EC0-301F-11D3-BF4B-00C04F79EFBC}") = "Shared", "Shared\Shared.csproj", "{9BA176C1-9AF3-4F82-8B57-51A6B3B73A69}"
EndProject
Project("{FAE04EC0-301F-11D3-BF4B-00C04F79EFBC}") = "RelationsApp", "RelationsApp\RelationsApp.csproj", "{B9D70C34-A476-40BA-9B29-E44B7CF7A7E2}"
EndProject
Global
	GlobalSection(SolutionConfigurationPlatforms) = preSolution
		Debug|Any CPU = Debug|Any CPU
		Debug|x64 = Debug|x64
		Debug|x86 = Debug|x86
		Release|Any CPU = Release|Any CPU
		Release|x64 = Release|x64
		Release|x86 = Release|x86
	EndGlobalSection
	GlobalSection(SolutionProperties) = preSolution
		HideSolutionNode = FALSE
	EndGlobalSection
	GlobalSection(ProjectConfigurationPlatforms) = postSolution
		{CD35E260-2E94-48E2-BB47-2C2436A17B4D}.Debug|Any CPU.ActiveCfg = Debug|Any CPU
		{CD35E260-2E94-48E2-BB47-2C2436A17B4D}.Debug|Any CPU.Build.0 = Debug|Any CPU
		{CD35E260-2E94-48E2-BB47-2C2436A17B4D}.Debug|x64.ActiveCfg = Debug|Any CPU
		{CD35E260-2E94-48E2-BB47-2C2436A17B4D}.Debug|x64.Build.0 = Debug|Any CPU
		{CD35E260-2E94-48E2-BB47-2C2436A17B4D}.Debug|x86.ActiveCfg = Debug|Any CPU
		{CD35E260-2E94-48E2-BB47-2C2436A17B4D}.Debug|x86.Build.0 = Debug|Any CPU
		{CD35E260-2E94-48E2-BB47-2C2436A17B4D}.Release|Any CPU.ActiveCfg = Release|Any CPU
		{CD35E260-2E94-48E2-BB47-2C2436A17B4D}.Release|Any CPU.Build.0 = Release|Any CPU
		{CD35E260-2E94-48E2-BB47-2C2436A17B4D}.Release|x64.ActiveCfg = Release|Any CPU
		{CD35E260-2E94-48E2-BB47-2C2436A17B4D}.Release|x64.Build.0 = Release|Any CPU
		{CD35E260-2E94-48E2-BB47-2C2436A17B4D}.Release|x86.ActiveCfg = Release|Any CPU
		{CD35E260-2E94-48E2-BB47-2C2436A17B4D}.Release|x86.Build.0 = Release|Any CPU
		{FAF82B26-9E2F-4B3F-9281-9E1726495A52}.Debug|Any CPU.ActiveCfg = Debug|Any CPU
		{FAF82B26-9E2F-4B3F-9281-9E1726495A52}.Debug|Any CPU.Build.0 = Debug|Any CPU
		{FAF82B26-9E2F-4B3F-9281-9E1726495A52}.Debug|x64.ActiveCfg = Debug|Any CPU
		{FAF82B26-9E2F-4B3F-9281-9E1726495A52}.Debug|x64.Build.0 = Debug|Any CPU
		{FAF82B26-9E2F-4B3F-9281-9E1726495A52}.Debug|x86.ActiveCfg = Debug|Any CPU
		{FAF82B26-9E2F-4B3F-9281-9E1726495A52}.Debug|x86.Build.0 = Debug|Any CPU
		{FAF82B26-9E2F-4B3F-9281-9E1726495A52}.Release|Any CPU.ActiveCfg = Release|Any CPU
		{FAF82B26-9E2F-4B3F-9281-9E1726495A52}.Release|Any CPU.Build.0 = Release|Any CPU
		{FAF82B26-9E2F-4B3F-9281-9E1726495A52}.Release|x64.ActiveCfg = Release|Any CPU
		{FAF82B26-9E2F-4B3F-9281-9E1726495A52}.Release|x64.Build.0 = Release|Any CPU
		{FAF82B26-9E2F-4B3F-9281-9E1726495A52}.Release|x86.ActiveCfg = Release|Any CPU
		{FAF82B26-9E2F-4B3F-9281-9E1726495A52}.Release|x86.Build.0 = Release|Any CPU
		{9BA176C1-9AF3-4F82-8B57-51A6B3B73A69}.Debug|Any CPU.ActiveCfg = Debug|Any CPU
		{9BA176C1-9AF3-4F82-8B57-51A6B3B73A69}.Debug|Any CPU.Build.0 = Debug|Any CPU
		{9BA176C1-9AF3-4F82-8B57-51A6B3B73A69}.Debug|x64.ActiveCfg = Debug|Any CPU
		{9BA176C1-9AF3-4F82-8B57-51A6B3B73A69}.Debug|x64.Build.0 = Debug|Any CPU
		{9BA176C1-9AF3-4F82-8B57-51A6B3B73A69}.Debug|x86.ActiveCfg = Debug|Any CPU
		{9BA176C1-9AF3-4F82-8B57-51A6B3B73A69}.Debug|x86.Build.0 = Debug|Any CPU
		{9BA176C1-9AF3-4F82-8B57-51A6B3B73A69}.Release|Any CPU.ActiveCfg = Release|Any CPU
		{9BA176C1-9AF3-4F82-8B57-51A6B3B73A69}.Release|Any CPU.Build.0 = Release|Any CPU
		{9BA176C1-9AF3-4F82-8B57-51A6B3B73A69}.Release|x64.ActiveCfg = Release|Any CPU
		{9BA176C1-9AF3-4F82-8B57-51A6B3B73A69}.Release|x64.Build.0 = Release|Any CPU
		{9BA176C1-9AF3-4F82-8B57-51A6B3B73A69}.Release|x86.ActiveCfg = Release|Any CPU
		{9BA176C1-9AF3-4F82-8B57-51A6B3B73A69}.Release|x86.Build.0 = Release|Any CPU
		{B9D70C34-A476-40BA-9B29-E44B7CF7A7E2}.Debug|Any CPU.ActiveCfg = Debug|Any CPU
		{B9D70C34-A476-40BA-9B29-E44B7CF7A7E2}.Debug|Any CPU.Build.0 = Debug|Any CPU
		{B9D70C34-A476-40BA-9B29-E44B7CF7A7E2}.Debug|x64.ActiveCfg = Debug|Any CPU
		{B9D70C34-A476-40BA-9B29-E44B7CF7A7E2}.Debug|x64.Build.0 = Debug|Any CPU
		{B9D70C34-A476-40BA-9B29-E44B7CF7A7E2}.Debug|x86.ActiveCfg = Debug|Any CPU
		{B9D70C34-A476-40BA-9B29-E44B7CF7A7E2}.Debug|x86.Build.0 = Debug|Any CPU
		{B9D70C34-A476-40BA-9B29-E44B7CF7A7E2}.Release|Any CPU.ActiveCfg = Release|Any CPU
		{B9D70C34-A476-40BA-9B29-E44B7CF7A7E2}.Release|Any CPU.Build.0 = Release|Any CPU
		{B9D70C34-A476-40BA-9B29-E44B7CF7A7E2}.Release|x64.ActiveCfg = Release|Any CPU
		{B9D70C34-A476-40BA-9B29-E44B7CF7A7E2}.Release|x64.Build.0 = Release|Any CPU
		{B9D70C34-A476-40BA-9B29-E44B7CF7A7E2}.Release|x86.ActiveCfg = Release|Any CPU
		{B9D70C34-A476-40BA-9B29-E44B7CF7A7E2}.Release|x86.Build.0 = Release|Any CPU
	EndGlobalSection
EndGlobal
